github.com/google/uuid v1.6.0 h1:NIvaJDMOsjHA8n1jAhLSgzrAzy1Hgr+hNrb57e+94F0=
github.com/google/uuid v1.6.0/go.mod h1:TIyPZe4MgqvfeYDBFedMoGGpEw/LqOeaOT+nhxU+yHo=
github.com/kyungseok-lee/go-work-examples/shared v0.0.0-20250908215140-e8331dc2750b h1:AUeM0WfSLUmJNcAnH7UUkhU6IA5PsVWLbPURIbqtIPI=
github.com/kyungseok-lee/go-work-examples/shared v0.0.0-20250908215140-e8331dc2750b/go.mod h1:GWVheGHn+z9cQ0DYsFLkjbro4K/4PahXgnjZlCGLDnA=
